// !$*UTF8*$!
{
	archiveVersion = 1;
	classes = {
	};
	objectVersion = 46;
	objects = {

/* Begin PBXBuildFile section */
		A6DBDBEA1C252F0A00835BFF /* main.m in Sources */ = {isa = PBXBuildFile; fileRef = A6DBDBE91C252F0A00835BFF /* main.m */; };
		A6DBDBED1C252F0A00835BFF /* AppDelegate.m in Sources */ = {isa = PBXBuildFile; fileRef = A6DBDBEC1C252F0A00835BFF /* AppDelegate.m */; };
		A6DBDBF01C252F0A00835BFF /* ViewController.m in Sources */ = {isa = PBXBuildFile; fileRef = A6DBDBEF1C252F0A00835BFF /* ViewController.m */; };
		A6DBDBF31C252F0A00835BFF /* Main.storyboard in Resources */ = {isa = PBXBuildFile; fileRef = A6DBDBF11C252F0A00835BFF /* Main.storyboard */; };
		A6DBDBF51C252F0A00835BFF /* Images.xcassets in Resources */ = {isa = PBXBuildFile; fileRef = A6DBDBF41C252F0A00835BFF /* Images.xcassets */; };
		A6DBDBF81C252F0A00835BFF /* LaunchScreen.xib in Resources */ = {isa = PBXBuildFile; fileRef = A6DBDBF61C252F0A00835BFF /* LaunchScreen.xib */; };
		A6DBDC041C252F0A00835BFF /* TEstMplTests.m in Sources */ = {isa = PBXBuildFile; fileRef = A6DBDC031C252F0A00835BFF /* TEstMplTests.m */; };
/* End PBXBuildFile section */

/* Begin PBXContainerItemProxy section */
		A6DBDBFE1C252F0A00835BFF /* PBXContainerItemProxy */ = {
			isa = PBXContainerItemProxy;
			containerPortal = A6DBDBDC1C252F0A00835BFF /* Project object */;
			proxyType = 1;
			remoteGlobalIDString = A6DBDBE31C252F0A00835BFF;
			remoteInfo = TEstMpl;
		};
/* End PBXContainerItemProxy section */

/* Begin PBXFileReference section */
		A6DBDBE41C252F0A00835BFF /* TEstMpl.app */ = {isa = PBXFileReference; explicitFileType = wrapper.application; includeInIndex = 0; path = TEstMpl.app; sourceTree = BUILT_PRODUCTS_DIR; };
		A6DBDBE81C252F0A00835BFF /* Info.plist */ = {isa = PBXFileReference; lastKnownFileType = text.plist.xml; path = Info.plist; sourceTree = "<group>"; };
		A6DBDBE91C252F0A00835BFF /* main.m */ = {isa = PBXFileReference; lastKnownFileType = sourcecode.c.objc; path = main.m; sourceTree = "<group>"; };
		A6DBDBEB1C252F0A00835BFF /* AppDelegate.h */ = {isa = PBXFileReference; lastKnownFileType = sourcecode.c.h; path = AppDelegate.h; sourceTree = "<group>"; };
		A6DBDBEC1C252F0A00835BFF /* AppDelegate.m */ = {isa = PBXFileReference; lastKnownFileType = sourcecode.c.objc; path = AppDelegate.m; sourceTree = "<group>"; };
		A6DBDBEE1C252F0A00835BFF /* ViewController.h */ = {isa = PBXFileReference; lastKnownFileType = sourcecode.c.h; path = ViewController.h; sourceTree = "<group>"; };
		A6DBDBEF1C252F0A00835BFF /* ViewController.m */ = {isa = PBXFileReference; lastKnownFileType = sourcecode.c.objc; path = ViewController.m; sourceTree = "<group>"; };
		A6DBDBF21C252F0A00835BFF /* Base */ = {isa = PBXFileReference; lastKnownFileType = file.storyboard; name = Base; path = Base.lproj/Main.storyboard; sourceTree = "<group>"; };
		A6DBDBF41C252F0A00835BFF /* Images.xcassets */ = {isa = PBXFileReference; lastKnownFileType = folder.assetcatalog; path = Images.xcassets; sourceTree = "<group>"; };
		A6DBDBF71C252F0A00835BFF /* Base */ = {isa = PBXFileReference; lastKnownFileType = file.xib; name = Base; path = Base.lproj/LaunchScreen.xib; sourceTree = "<group>"; };
		A6DBDBFD1C252F0A00835BFF /* TEstMplTests.xctest */ = {isa = PBXFileReference; explicitFileType = wrapper.cfbundle; includeInIndex = 0; path = TEstMplTests.xctest; sourceTree = BUILT_PRODUCTS_DIR; };
		A6DBDC021C252F0A00835BFF /* Info.plist */ = {isa = PBXFileReference; lastKnownFileType = text.plist.xml; path = Info.plist; sourceTree = "<group>"; };
		A6DBDC031C252F0A00835BFF /* TEstMplTests.m */ = {isa = PBXFileReference; lastKnownFileType = sourcecode.c.objc; path = TEstMplTests.m; sourceTree = "<group>"; };
/* End PBXFileReference section */

/* Begin PBXFrameworksBuildPhase section */
		A6DBDBE11C252F0A00835BFF /* Frameworks */ = {
			isa = PBXFrameworksBuildPhase;
			buildActionMask = 2147483647;
			files = (
			);
			runOnlyForDeploymentPostprocessing = 0;
		};
		A6DBDBFA1C252F0A00835BFF /* Frameworks */ = {
			isa = PBXFrameworksBuildPhase;
			buildActionMask = 2147483647;
			files = (
			);
			runOnlyForDeploymentPostprocessing = 0;
		};
/* End PBXFrameworksBuildPhase section */

/* Begin PBXGroup section */
		A6DBDBDB1C252F0A00835BFF = {
			isa = PBXGroup;
			children = (
				A6DBDBE61C252F0A00835BFF /* TEstMpl */,
				A6DBDC001C252F0A00835BFF /* TEstMplTests */,
				A6DBDBE51C252F0A00835BFF /* Products */,
			);
			sourceTree = "<group>";
		};
		A6DBDBE51C252F0A00835BFF /* Products */ = {
			isa = PBXGroup;
			children = (
				A6DBDBE41C252F0A00835BFF /* TEstMpl.app */,
				A6DBDBFD1C252F0A00835BFF /* TEstMplTests.xctest */,
			);
			name = Products;
			sourceTree = "<group>";
		};
		A6DBDBE61C252F0A00835BFF /* TEstMpl */ = {
			isa = PBXGroup;
			children = (
				A6DBDBEB1C252F0A00835BFF /* AppDelegate.h */,
				A6DBDBEC1C252F0A00835BFF /* AppDelegate.m */,
				A6DBDBEE1C252F0A00835BFF /* ViewController.h */,
				A6DBDBEF1C252F0A00835BFF /* ViewController.m */,
				A6DBDBF11C252F0A00835BFF /* Main.storyboard */,
				A6DBDBF41C252F0A00835BFF /* Images.xcassets */,
				A6DBDBF61C252F0A00835BFF /* LaunchScreen.xib */,
				A6DBDBE71C252F0A00835BFF /* Supporting Files */,
			);
			path = TEstMpl;
			sourceTree = "<group>";
		};
		A6DBDBE71C252F0A00835BFF /* Supporting Files */ = {
			isa = PBXGroup;
			children = (
				A6DBDBE81C252F0A00835BFF /* Info.plist */,
				A6DBDBE91C252F0A00835BFF /* main.m */,
			);
			name = "Supporting Files";
			sourceTree = "<group>";
		};
		A6DBDC001C252F0A00835BFF /* TEstMplTests */ = {
			isa = PBXGroup;
			children = (
				A6DBDC031C252F0A00835BFF /* TEstMplTests.m */,
				A6DBDC011C252F0A00835BFF /* Supporting Files */,
			);
			path = TEstMplTests;
			sourceTree = "<group>";
		};
		A6DBDC011C252F0A00835BFF /* Supporting Files */ = {
			isa = PBXGroup;
			children = (
				A6DBDC021C252F0A00835BFF /* Info.plist */,
			);
			name = "Supporting Files";
			sourceTree = "<group>";
		};
/* End PBXGroup section */

/* Begin PBXNativeTarget section */
		A6DBDBE31C252F0A00835BFF /* TEstMpl */ = {
			isa = PBXNativeTarget;
			buildConfigurationList = A6DBDC071C252F0A00835BFF /* Build configuration list for PBXNativeTarget "TEstMpl" */;
			buildPhases = (
				A6DBDBE01C252F0A00835BFF /* Sources */,
				A6DBDBE11C252F0A00835BFF /* Frameworks */,
				A6DBDBE21C252F0A00835BFF /* Resources */,
			);
			buildRules = (
			);
			dependencies = (
			);
			name = TEstMpl;
			productName = TEstMpl;
			productReference = A6DBDBE41C252F0A00835BFF /* TEstMpl.app */;
			productType = "com.apple.product-type.application";
		};
		A6DBDBFC1C252F0A00835BFF /* TEstMplTests */ = {
			isa = PBXNativeTarget;
			buildConfigurationList = A6DBDC0A1C252F0A00835BFF /* Build configuration list for PBXNativeTarget "TEstMplTests" */;
			buildPhases = (
				A6DBDBF91C252F0A00835BFF /* Sources */,
				A6DBDBFA1C252F0A00835BFF /* Frameworks */,
				A6DBDBFB1C252F0A00835BFF /* Resources */,
			);
			buildRules = (
			);
			dependencies = (
				A6DBDBFF1C252F0A00835BFF /* PBXTargetDependency */,
			);
			name = TEstMplTests;
			productName = TEstMplTests;
			productReference = A6DBDBFD1C252F0A00835BFF /* TEstMplTests.xctest */;
			productType = "com.apple.product-type.bundle.unit-test";
		};
/* End PBXNativeTarget section */

/* Begin PBXProject section */
		A6DBDBDC1C252F0A00835BFF /* Project object */ = {
			isa = PBXProject;
			attributes = {
				LastUpgradeCheck = 0640;
				ORGANIZATIONNAME = codeBrew;
				TargetAttributes = {
					A6DBDBE31C252F0A00835BFF = {
						CreatedOnToolsVersion = 6.4;
					};
					A6DBDBFC1C252F0A00835BFF = {
						CreatedOnToolsVersion = 6.4;
						TestTargetID = A6DBDBE31C252F0A00835BFF;
					};
				};
			};
			buildConfigurationList = A6DBDBDF1C252F0A00835BFF /* Build configuration list for PBXProject "TEstMpl" */;
			compatibilityVersion = "Xcode 3.2";
			developmentRegion = English;
			hasScannedForEncodings = 0;
			knownRegions = (
				en,
				Base,
			);
			mainGroup = A6DBDBDB1C252F0A00835BFF;
			productRefGroup = A6DBDBE51C252F0A00835BFF /* Products */;
			projectDirPath = "";
			projectRoot = "";
			targets = (
				A6DBDBE31C252F0A00835BFF /* TEstMpl */,
				A6DBDBFC1C252F0A00835BFF /* TEstMplTests */,
			);
		};
/* End PBXProject section */

/* Begin PBXResourcesBuildPhase section */
		A6DBDBE21C252F0A00835BFF /* Resources */ = {
			isa = PBXResourcesBuildPhase;
			buildActionMask = 2147483647;
			files = (
				A6DBDBF31C252F0A00835BFF /* Main.storyboard in Resources */,
				A6DBDBF81C252F0A00835BFF /* LaunchScreen.xib in Resources */,
				A6DBDBF51C252F0A00835BFF /* Images.xcassets in Resources */,
			);
			runOnlyForDeploymentPostprocessing = 0;
		};
		A6DBDBFB1C252F0A00835BFF /* Resources */ = {
			isa = PBXResourcesBuildPhase;
			buildActionMask = 2147483647;
			files = (
			);
			runOnlyForDeploymentPostprocessing = 0;
		};
/* End PBXResourcesBuildPhase section */

/* Begin PBXSourcesBuildPhase section */
		A6DBDBE01C252F0A00835BFF /* Sources */ = {
			isa = PBXSourcesBuildPhase;
			buildActionMask = 2147483647;
			files = (
				A6DBDBF01C252F0A00835BFF /* ViewController.m in Sources */,
				A6DBDBED1C252F0A00835BFF /* AppDelegate.m in Sources */,
				A6DBDBEA1C252F0A00835BFF /* main.m in Sources */,
			);
			runOnlyForDeploymentPostprocessing = 0;
		};
		A6DBDBF91C252F0A00835BFF /* Sources */ = {
			isa = PBXSourcesBuildPhase;
			buildActionMask = 2147483647;
			files = (
				A6DBDC041C252F0A00835BFF /* TEstMplTests.m in Sources */,
			);
			runOnlyForDeploymentPostprocessing = 0;
		};
/* End PBXSourcesBuildPhase section */

/* Begin PBXTargetDependency section */
		A6DBDBFF1C252F0A00835BFF /* PBXTargetDependency */ = {
			isa = PBXTargetDependency;
			target = A6DBDBE31C252F0A00835BFF /* TEstMpl */;
			targetProxy = A6DBDBFE1C252F0A00835BFF /* PBXContainerItemProxy */;
		};
/* End PBXTargetDependency section */

/* Begin PBXVariantGroup section */
		A6DBDBF11C252F0A00835BFF /* Main.storyboard */ = {
			isa = PBXVariantGroup;
			children = (
				A6DBDBF21C252F0A00835BFF /* Base */,
			);
			name = Main.storyboard;
			sourceTree = "<group>";
		};
		A6DBDBF61C252F0A00835BFF /* LaunchScreen.xib */ = {
			isa = PBXVariantGroup;
			children = (
				A6DBDBF71C252F0A00835BFF /* Base */,
			);
			name = LaunchScreen.xib;
			sourceTree = "<group>";
		};
/* End PBXVariantGroup section */

/* Begin XCBuildConfiguration section */
		A6DBDC051C252F0A00835BFF /* Debug */ = {
			isa = XCBuildConfiguration;
			buildSettings = {
				ALWAYS_SEARCH_USER_PATHS = NO;
				CLANG_CXX_LANGUAGE_STANDARD = "gnu++0x";
				CLANG_CXX_LIBRARY = "libc++";
				CLANG_ENABLE_MODULES = YES;
				CLANG_ENABLE_OBJC_ARC = YES;
				CLANG_WARN_BOOL_CONVERSION = YES;
				CLANG_WARN_CONSTANT_CONVERSION = YES;
				CLANG_WARN_DIRECT_OBJC_ISA_USAGE = YES_ERROR;
				CLANG_WARN_EMPTY_BODY = YES;
				CLANG_WARN_ENUM_CONVERSION = YES;
				CLANG_WARN_INT_CONVERSION = YES;
				CLANG_WARN_OBJC_ROOT_CLASS = YES_ERROR;
				CLANG_WARN_UNREACHABLE_CODE = YES;
				CLANG_WARN__DUPLICATE_METHOD_MATCH = YES;
				"CODE_SIGN_IDENTITY[sdk=iphoneos*]" = "iPhone Developer";
				COPY_PHASE_STRIP = NO;
				DEBUG_INFORMATION_FORMAT = "dwarf-with-dsym";
				ENABLE_STRICT_OBJC_MSGSEND = YES;
				GCC_C_LANGUAGE_STANDARD = gnu99;
				GCC_DYNAMIC_NO_PIC = NO;
				GCC_NO_COMMON_BLOCKS = YES;
				GCC_OPTIMIZATION_LEVEL = 0;
				GCC_PREPROCESSOR_DEFINITIONS = (
					"DEBUG=1",
					"$(inherited)",
				);
				GCC_SYMBOLS_PRIVATE_EXTERN = NO;
				GCC_WARN_64_TO_32_BIT_CONVERSION = YES;
				GCC_WARN_ABOUT_RETURN_TYPE = YES_ERROR;
				GCC_WARN_UNDECLARED_SELECTOR = YES;
				GCC_WARN_UNINITIALIZED_AUTOS = YES_AGGRESSIVE;
				GCC_WARN_UNUSED_FUNCTION = YES;
				GCC_WARN_UNUSED_VARIABLE = YES;
				IPHONEOS_DEPLOYMENT_TARGET = 8.4;
				MTL_ENABLE_DEBUG_INFO = YES;
				ONLY_ACTIVE_ARCH = YES;
				SDKROOT = iphoneos;
			};
			name = Debug;
		};
		A6DBDC061C252F0A00835BFF /* Release */ = {
			isa = XCBuildConfiguration;
			buildSettings = {
				ALWAYS_SEARCH_USER_PATHS = NO;
				CLANG_CXX_LANGUAGE_STANDARD = "gnu++0x";
				CLANG_CXX_LIBRARY = "libc++";
				CLANG_ENABLE_MODULES = YES;
				CLANG_ENABLE_OBJC_ARC = YES;
				CLANG_WARN_BOOL_CONVERSION = YES;
				CLANG_WARN_CONSTANT_CONVERSION = YES;
				CLANG_WARN_DIRECT_OBJC_ISA_USAGE = YES_ERROR;
				CLANG_WARN_EMPTY_BODY = YES;
				CLANG_WARN_ENUM_CONVERSION = YES;
				CLANG_WARN_INT_CONVERSION = YES;
				CLANG_WARN_OBJC_ROOT_CLASS = YES_ERROR;
				CLANG_WARN_UNREACHABLE_CODE = YES;
				CLANG_WARN__DUPLICATE_METHOD_MATCH = YES;
				"CODE_SIGN_IDENTITY[sdk=iphoneos*]" = "iPhone Developer";
				COPY_PHASE_STRIP = NO;
				DEBUG_INFORMATION_FORMAT = "dwarf-with-dsym";
				ENABLE_NS_ASSERTIONS = NO;
				ENABLE_STRICT_OBJC_MSGSEND = YES;
				GCC_C_LANGUAGE_STANDARD = gnu99;
				GCC_NO_COMMON_BLOCKS = YES;
				GCC_WARN_64_TO_32_BIT_CONVERSION = YES;
				GCC_WARN_ABOUT_RETURN_TYPE = YES_ERROR;
				GCC_WARN_UNDECLARED_SELECTOR = YES;
				GCC_WARN_UNINITIALIZED_AUTOS = YES_AGGRESSIVE;
				GCC_WARN_UNUSED_FUNCTION = YES;
				GCC_WARN_UNUSED_VARIABLE = YES;
				IPHONEOS_DEPLOYMENT_TARGET = 8.4;
				MTL_ENABLE_DEBUG_INFO = NO;
				SDKROOT = iphoneos;
				VALIDATE_PRODUCT = YES;
			};
			name = Release;
		};
		A6DBDC081C252F0A00835BFF /* Debug */ = {
			isa = XCBuildConfiguration;
			buildSettings = {
				ASSETCATALOG_COMPILER_APPICON_NAME = AppIcon;
				INFOPLIST_FILE = TEstMpl/Info.plist;
				LD_RUNPATH_SEARCH_PATHS = "$(inherited) @executable_path/Frameworks";
				PRODUCT_NAME = "$(TARGET_NAME)";
			};
			name = Debug;
		};
		A6DBDC091C252F0A00835BFF /* Release */ = {
			isa = XCBuildConfiguration;
			buildSettings = {
				ASSETCATALOG_COMPILER_APPICON_NAME = AppIcon;
				INFOPLIST_FILE = TEstMpl/Info.plist;
				LD_RUNPATH_SEARCH_PATHS = "$(inherited) @executable_path/Frameworks";
				PRODUCT_NAME = "$(TARGET_NAME)";
			};
			name = Release;
		};
		A6DBDC0B1C252F0A00835BFF /* Debug */ = {
			isa = XCBuildConfiguration;
			buildSettings = {
				BUNDLE_LOADER = "$(TEST_HOST)";
				FRAMEWORK_SEARCH_PATHS = (
					"$(SDKROOT)/Developer/Library/Frameworks",
					"$(inherited)",
				);
				GCC_PREPROCESSOR_DEFINITIONS = (
					"DEBUG=1",
					"$(inherited)",
				);
				INFOPLIST_FILE = TEstMplTests/Info.plist;
				LD_RUNPATH_SEARCH_PATHS = "$(inherited) @executable_path/Frameworks @loader_path/Frameworks";
				PRODUCT_NAME = "$(TARGET_NAME)";
				TEST_HOST = "$(BUILT_PRODUCTS_DIR)/TEstMpl.app/TEstMpl";
			};
			name = Debug;
		};
		A6DBDC0C1C252F0A00835BFF /* Release */ = {
			isa = XCBuildConfiguration;
			buildSettings = {
				BUNDLE_LOADER = "$(TEST_HOST)";
				FRAMEWORK_SEARCH_PATHS = (
					"$(SDKROOT)/Developer/Library/Frameworks",
					"$(inherited)",
				);
				INFOPLIST_FILE = TEstMplTests/Info.plist;
				LD_RUNPATH_SEARCH_PATHS = "$(inherited) @executable_path/Frameworks @loader_path/Frameworks";
				PRODUCT_NAME = "$(TARGET_NAME)";
				TEST_HOST = "$(BUILT_PRODUCTS_DIR)/TEstMpl.app/TEstMpl";
			};
			name = Release;
		};
/* End XCBuildConfiguration section */

/* Begin XCConfigurationList section */
		A6DBDBDF1C252F0A00835BFF /* Build configuration list for PBXProject "TEstMpl" */ = {
			isa = XCConfigurationList;
			buildConfigurations = (
				A6DBDC051C252F0A00835BFF /* Debug */,
				A6DBDC061C252F0A00835BFF /* Release */,
			);
			defaultConfigurationIsVisible = 0;
			defaultConfigurationName = Release;
		};
		A6DBDC071C252F0A00835BFF /* Build configuration list for PBXNativeTarget "TEstMpl" */ = {
			isa = XCConfigurationList;
			buildConfigurations = (
				A6DBDC081C252F0A00835BFF /* Debug */,
				A6DBDC091C252F0A00835BFF /* Release */,
			);
			defaultConfigurationIsVisible = 0;
		};
		A6DBDC0A1C252F0A00835BFF /* Build configuration list for PBXNativeTarget "TEstMplTests" */ = {
			isa = XCConfigurationList;
			buildConfigurations = (
				A6DBDC0B1C252F0A00835BFF /* Debug */,
				A6DBDC0C1C252F0A00835BFF /* Release */,
			);
			defaultConfigurationIsVisible = 0;
		};
/* End XCConfigurationList section */
	};
	rootObject = A6DBDBDC1C252F0A00835BFF /* Project object */;
}
